
Microsoft Visual Studio Solution File, Format Version 12.00
# Visual Studio Version 17
VisualStudioVersion = 17.5.33627.172
MinimumVisualStudioVersion = 10.0.40219.1
Project("{9A19103F-16F7-4668-BE54-9A1E7A4F7556}") = "Server", "Server\Server.csproj", "{33935F72-A9DC-4BDC-B851-A1E5C734EF1F}"
	ProjectSection(ProjectDependencies) = postProject
		{D55017DA-C620-4DA9-B85B-45731DD1DA07} = {D55017DA-C620-4DA9-B85B-45731DD1DA07}
	EndProjectSection
EndProject
Project("{9A19103F-16F7-4668-BE54-9A1E7A4F7556}") = "NetControler", "NetControler\NetControler.csproj", "{D55017DA-C620-4DA9-B85B-45731DD1DA07}"
EndProject
Project("{9A19103F-16F7-4668-BE54-9A1E7A4F7556}") = "ClientApp", "ClientApp\ClientApp.csproj", "{0BC07E6A-13D1-4245-8EEE-51C7E7902CFC}"
EndProject
Global
	GlobalSection(SolutionConfigurationPlatforms) = preSolution
		Debug|Any CPU = Debug|Any CPU
		Release|Any CPU = Release|Any CPU
	EndGlobalSection
	GlobalSection(ProjectConfigurationPlatforms) = postSolution
		{33935F72-A9DC-4BDC-B851-A1E5C734EF1F}.Debug|Any CPU.ActiveCfg = Debug|Any CPU
		{33935F72-A9DC-4BDC-B851-A1E5C734EF1F}.Debug|Any CPU.Build.0 = Debug|Any CPU
		{33935F72-A9DC-4BDC-B851-A1E5C734EF1F}.Release|Any CPU.ActiveCfg = Release|Any CPU
		{33935F72-A9DC-4BDC-B851-A1E5C734EF1F}.Release|Any CPU.Build.0 = Release|Any CPU
		{D55017DA-C620-4DA9-B85B-45731DD1DA07}.Debug|Any CPU.ActiveCfg = Debug|Any CPU
		{D55017DA-C620-4DA9-B85B-45731DD1DA07}.Debug|Any CPU.Build.0 = Debug|Any CPU
		{D55017DA-C620-4DA9-B85B-45731DD1DA07}.Release|Any CPU.ActiveCfg = Release|Any CPU
		{D55017DA-C620-4DA9-B85B-45731DD1DA07}.Release|Any CPU.Build.0 = Release|Any CPU
		{0BC07E6A-13D1-4245-8EEE-51C7E7902CFC}.Debug|Any CPU.ActiveCfg = Debug|Any CPU
		{0BC07E6A-13D1-4245-8EEE-51C7E7902CFC}.Debug|Any CPU.Build.0 = Debug|Any CPU
		{0BC07E6A-13D1-4245-8EEE-51C7E7902CFC}.Release|Any CPU.ActiveCfg = Release|Any CPU
		{0BC07E6A-13D1-4245-8EEE-51C7E7902CFC}.Release|Any CPU.Build.0 = Release|Any CPU
	EndGlobalSection
	GlobalSection(SolutionProperties) = preSolution
		HideSolutionNode = FALSE
	EndGlobalSection
	GlobalSection(ExtensibilityGlobals) = postSolution
		SolutionGuid = {7620C1DE-E7D3-4B15-A511-D86F08FBC5BE}
	EndGlobalSection
EndGlobal
